
Microsoft Visual Studio Solution File, Format Version 12.00
# Visual Studio Version 17
VisualStudioVersion = 17.5.33414.496
MinimumVisualStudioVersion = 10.0.40219.1
Project("{9A19103F-16F7-4668-BE54-9A1E7A4F7556}") = "YCompanyClaimsAPI", "..\YCompanyClaimsAPI\YCompanyClaimsAPI\YCompanyClaimsAPI.csproj", "{71F95DC5-350D-4735-9239-E974E3ECEB83}"
EndProject
Project("{9A19103F-16F7-4668-BE54-9A1E7A4F7556}") = "YCompanyIdentityServer", "..\YCompanyAuthService\YCompanyIdentityServer\YCompanyIdentityServer.csproj", "{5ACD7EF1-03D4-4CCF-A9C1-3721F6151D2E}"
EndProject
Project("{9A19103F-16F7-4668-BE54-9A1E7A4F7556}") = "YCompanyPaymentsAPI", "..\YCompanyPaymentsAPI\YCompanyPaymentsAPI\YCompanyPaymentsAPI.csproj", "{F8BEB405-97ED-472E-A686-E9A4C3FC43E1}"
EndProject
Project("{9A19103F-16F7-4668-BE54-9A1E7A4F7556}") = "YCompanyWebApplication", "..\YCompanyWebApplication\YCompanyWebApplication.csproj", "{9045F6A4-6D08-4A55-9C1E-CDA9D913FD25}"
EndProject
Project("{9A19103F-16F7-4668-BE54-9A1E7A4F7556}") = "YCompanyThirdPartyAPI", "..\YCompanyThirdPartyAPI\YCompanyThirdPartyAPI.csproj", "{8DB7D5FF-56C3-412B-8338-DE77287BC1EA}"
EndProject
Project("{2150E333-8FDC-42A3-9474-1A3956D46DE8}") = "WebApplication", "WebApplication", "{54BA8B84-C5DA-4841-AAFC-99A5E69441F4}"
EndProject
Project("{2150E333-8FDC-42A3-9474-1A3956D46DE8}") = "Services", "Services", "{9BCBFC0F-DF25-4FE9-AAF3-AF8A6D41007A}"
EndProject
Project("{2150E333-8FDC-42A3-9474-1A3956D46DE8}") = "Framework", "Framework", "{347BC5A5-E6B2-4FB9-89CF-5C5060779E19}"
EndProject
Project("{9A19103F-16F7-4668-BE54-9A1E7A4F7556}") = "YCompany.Claims.DataAccess", "..\YCompanyClaimsAPI\YCompany.Claims.DataAccess\YCompany.Claims.DataAccess.csproj", "{5C8251F8-B217-4C29-8EC9-5E75D255C4CB}"
EndProject
Project("{9A19103F-16F7-4668-BE54-9A1E7A4F7556}") = "YCompany.Claims.ExceptionHandling", "..\YCompanyClaimsAPI\YCompany.Claims.ExceptionHandling\YCompany.Claims.ExceptionHandling.csproj", "{C63ABA55-B654-4E43-8DF6-D347C2E3C1D9}"
EndProject
Project("{9A19103F-16F7-4668-BE54-9A1E7A4F7556}") = "YCompany.Claims.Logging", "..\YCompanyClaimsAPI\YCompany.Claims.Logging\YCompany.Claims.Logging.csproj", "{AC5F9AD9-5E38-4FF2-B8D3-878722D9734E}"
EndProject
Project("{9A19103F-16F7-4668-BE54-9A1E7A4F7556}") = "YCompany.Claims.MessagingQueue", "..\YCompanyClaimsAPI\YCompany.Claims.MessagingQueue\YCompany.Claims.MessagingQueue.csproj", "{F60AAC5D-600A-496C-AC5C-0FBEA701D52B}"
EndProject
Project("{2150E333-8FDC-42A3-9474-1A3956D46DE8}") = "YCompanyClaims", "YCompanyClaims", "{26AA978C-BE40-41D2-B798-16CDDEE895A4}"
EndProject
Project("{2150E333-8FDC-42A3-9474-1A3956D46DE8}") = "YCompanyPayments", "YCompanyPayments", "{69E7DBB3-92E4-4189-A6BD-065D3FA14B69}"
EndProject
Project("{2150E333-8FDC-42A3-9474-1A3956D46DE8}") = "YCompanyAuthentication", "YCompanyAuthentication", "{CAA242D8-DC3E-49AD-B77C-A31817D0C9AC}"
EndProject
Project("{2150E333-8FDC-42A3-9474-1A3956D46DE8}") = "YCompanyThirdParty", "YCompanyThirdParty", "{E3B1B332-4AC2-4018-8D0A-F3F843061CAE}"
EndProject
Project("{9A19103F-16F7-4668-BE54-9A1E7A4F7556}") = "YCompany.Claims.Caching", "..\YCompanyClaimsAPI\YCompany.Claims.Caching\YCompany.Claims.Caching.csproj", "{70F88D0E-7613-4650-B1D9-7E9999A4F761}"
EndProject
Global
	GlobalSection(SolutionConfigurationPlatforms) = preSolution
		Debug|Any CPU = Debug|Any CPU
		Release|Any CPU = Release|Any CPU
	EndGlobalSection
	GlobalSection(ProjectConfigurationPlatforms) = postSolution
		{71F95DC5-350D-4735-9239-E974E3ECEB83}.Debug|Any CPU.ActiveCfg = Debug|Any CPU
		{71F95DC5-350D-4735-9239-E974E3ECEB83}.Debug|Any CPU.Build.0 = Debug|Any CPU
		{71F95DC5-350D-4735-9239-E974E3ECEB83}.Release|Any CPU.ActiveCfg = Release|Any CPU
		{71F95DC5-350D-4735-9239-E974E3ECEB83}.Release|Any CPU.Build.0 = Release|Any CPU
		{5ACD7EF1-03D4-4CCF-A9C1-3721F6151D2E}.Debug|Any CPU.ActiveCfg = Debug|Any CPU
		{5ACD7EF1-03D4-4CCF-A9C1-3721F6151D2E}.Debug|Any CPU.Build.0 = Debug|Any CPU
		{5ACD7EF1-03D4-4CCF-A9C1-3721F6151D2E}.Release|Any CPU.ActiveCfg = Release|Any CPU
		{5ACD7EF1-03D4-4CCF-A9C1-3721F6151D2E}.Release|Any CPU.Build.0 = Release|Any CPU
		{F8BEB405-97ED-472E-A686-E9A4C3FC43E1}.Debug|Any CPU.ActiveCfg = Debug|Any CPU
		{F8BEB405-97ED-472E-A686-E9A4C3FC43E1}.Debug|Any CPU.Build.0 = Debug|Any CPU
		{F8BEB405-97ED-472E-A686-E9A4C3FC43E1}.Release|Any CPU.ActiveCfg = Release|Any CPU
		{F8BEB405-97ED-472E-A686-E9A4C3FC43E1}.Release|Any CPU.Build.0 = Release|Any CPU
		{9045F6A4-6D08-4A55-9C1E-CDA9D913FD25}.Debug|Any CPU.ActiveCfg = Debug|Any CPU
		{9045F6A4-6D08-4A55-9C1E-CDA9D913FD25}.Debug|Any CPU.Build.0 = Debug|Any CPU
		{9045F6A4-6D08-4A55-9C1E-CDA9D913FD25}.Release|Any CPU.ActiveCfg = Release|Any CPU
		{9045F6A4-6D08-4A55-9C1E-CDA9D913FD25}.Release|Any CPU.Build.0 = Release|Any CPU
		{8DB7D5FF-56C3-412B-8338-DE77287BC1EA}.Debug|Any CPU.ActiveCfg = Debug|Any CPU
		{8DB7D5FF-56C3-412B-8338-DE77287BC1EA}.Debug|Any CPU.Build.0 = Debug|Any CPU
		{8DB7D5FF-56C3-412B-8338-DE77287BC1EA}.Release|Any CPU.ActiveCfg = Release|Any CPU
		{8DB7D5FF-56C3-412B-8338-DE77287BC1EA}.Release|Any CPU.Build.0 = Release|Any CPU
		{5C8251F8-B217-4C29-8EC9-5E75D255C4CB}.Debug|Any CPU.ActiveCfg = Debug|Any CPU
		{5C8251F8-B217-4C29-8EC9-5E75D255C4CB}.Debug|Any CPU.Build.0 = Debug|Any CPU
		{5C8251F8-B217-4C29-8EC9-5E75D255C4CB}.Release|Any CPU.ActiveCfg = Release|Any CPU
		{5C8251F8-B217-4C29-8EC9-5E75D255C4CB}.Release|Any CPU.Build.0 = Release|Any CPU
		{C63ABA55-B654-4E43-8DF6-D347C2E3C1D9}.Debug|Any CPU.ActiveCfg = Debug|Any CPU
		{C63ABA55-B654-4E43-8DF6-D347C2E3C1D9}.Debug|Any CPU.Build.0 = Debug|Any CPU
		{C63ABA55-B654-4E43-8DF6-D347C2E3C1D9}.Release|Any CPU.ActiveCfg = Release|Any CPU
		{C63ABA55-B654-4E43-8DF6-D347C2E3C1D9}.Release|Any CPU.Build.0 = Release|Any CPU
		{AC5F9AD9-5E38-4FF2-B8D3-878722D9734E}.Debug|Any CPU.ActiveCfg = Debug|Any CPU
		{AC5F9AD9-5E38-4FF2-B8D3-878722D9734E}.Debug|Any CPU.Build.0 = Debug|Any CPU
		{AC5F9AD9-5E38-4FF2-B8D3-878722D9734E}.Release|Any CPU.ActiveCfg = Release|Any CPU
		{AC5F9AD9-5E38-4FF2-B8D3-878722D9734E}.Release|Any CPU.Build.0 = Release|Any CPU
		{F60AAC5D-600A-496C-AC5C-0FBEA701D52B}.Debug|Any CPU.ActiveCfg = Debug|Any CPU
		{F60AAC5D-600A-496C-AC5C-0FBEA701D52B}.Debug|Any CPU.Build.0 = Debug|Any CPU
		{F60AAC5D-600A-496C-AC5C-0FBEA701D52B}.Release|Any CPU.ActiveCfg = Release|Any CPU
		{F60AAC5D-600A-496C-AC5C-0FBEA701D52B}.Release|Any CPU.Build.0 = Release|Any CPU
		{70F88D0E-7613-4650-B1D9-7E9999A4F761}.Debug|Any CPU.ActiveCfg = Debug|Any CPU
		{70F88D0E-7613-4650-B1D9-7E9999A4F761}.Debug|Any CPU.Build.0 = Debug|Any CPU
		{70F88D0E-7613-4650-B1D9-7E9999A4F761}.Release|Any CPU.ActiveCfg = Release|Any CPU
		{70F88D0E-7613-4650-B1D9-7E9999A4F761}.Release|Any CPU.Build.0 = Release|Any CPU
	EndGlobalSection
	GlobalSection(SolutionProperties) = preSolution
		HideSolutionNode = FALSE
	EndGlobalSection
	GlobalSection(NestedProjects) = preSolution
		{71F95DC5-350D-4735-9239-E974E3ECEB83} = {26AA978C-BE40-41D2-B798-16CDDEE895A4}
		{5ACD7EF1-03D4-4CCF-A9C1-3721F6151D2E} = {CAA242D8-DC3E-49AD-B77C-A31817D0C9AC}
		{F8BEB405-97ED-472E-A686-E9A4C3FC43E1} = {69E7DBB3-92E4-4189-A6BD-065D3FA14B69}
		{9045F6A4-6D08-4A55-9C1E-CDA9D913FD25} = {54BA8B84-C5DA-4841-AAFC-99A5E69441F4}
		{8DB7D5FF-56C3-412B-8338-DE77287BC1EA} = {E3B1B332-4AC2-4018-8D0A-F3F843061CAE}
		{5C8251F8-B217-4C29-8EC9-5E75D255C4CB} = {347BC5A5-E6B2-4FB9-89CF-5C5060779E19}
		{C63ABA55-B654-4E43-8DF6-D347C2E3C1D9} = {347BC5A5-E6B2-4FB9-89CF-5C5060779E19}
		{AC5F9AD9-5E38-4FF2-B8D3-878722D9734E} = {347BC5A5-E6B2-4FB9-89CF-5C5060779E19}
		{F60AAC5D-600A-496C-AC5C-0FBEA701D52B} = {347BC5A5-E6B2-4FB9-89CF-5C5060779E19}
		{26AA978C-BE40-41D2-B798-16CDDEE895A4} = {9BCBFC0F-DF25-4FE9-AAF3-AF8A6D41007A}
		{69E7DBB3-92E4-4189-A6BD-065D3FA14B69} = {9BCBFC0F-DF25-4FE9-AAF3-AF8A6D41007A}
		{CAA242D8-DC3E-49AD-B77C-A31817D0C9AC} = {9BCBFC0F-DF25-4FE9-AAF3-AF8A6D41007A}
		{E3B1B332-4AC2-4018-8D0A-F3F843061CAE} = {9BCBFC0F-DF25-4FE9-AAF3-AF8A6D41007A}
		{70F88D0E-7613-4650-B1D9-7E9999A4F761} = {347BC5A5-E6B2-4FB9-89CF-5C5060779E19}
	EndGlobalSection
	GlobalSection(ExtensibilityGlobals) = postSolution
		SolutionGuid = {A7F43644-7FC7-4EDB-9631-E5784A786800}
	EndGlobalSection
EndGlobal
