
Microsoft Visual Studio Solution File, Format Version 12.00
# Visual Studio Version 17
VisualStudioVersion = 17.5.33414.496
MinimumVisualStudioVersion = 10.0.40219.1
Project("{2150E333-8FDC-42A3-9474-1A3956D46DE8}") = "WebApplication", "WebApplication", "{54BA8B84-C5DA-4841-AAFC-99A5E69441F4}"
EndProject
Project("{2150E333-8FDC-42A3-9474-1A3956D46DE8}") = "Services", "Services", "{9BCBFC0F-DF25-4FE9-AAF3-AF8A6D41007A}"
EndProject
Project("{2150E333-8FDC-42A3-9474-1A3956D46DE8}") = "Framework", "Framework", "{347BC5A5-E6B2-4FB9-89CF-5C5060779E19}"
EndProject
Project("{2150E333-8FDC-42A3-9474-1A3956D46DE8}") = "YCompanyClaims", "YCompanyClaims", "{26AA978C-BE40-41D2-B798-16CDDEE895A4}"
EndProject
Project("{2150E333-8FDC-42A3-9474-1A3956D46DE8}") = "YCompanyPayments", "YCompanyPayments", "{69E7DBB3-92E4-4189-A6BD-065D3FA14B69}"
EndProject
Project("{2150E333-8FDC-42A3-9474-1A3956D46DE8}") = "YCompanyIdentityServer", "YCompanyIdentityServer", "{CAA242D8-DC3E-49AD-B77C-A31817D0C9AC}"
EndProject
Project("{2150E333-8FDC-42A3-9474-1A3956D46DE8}") = "YCompanyThirdParty", "YCompanyThirdParty", "{E3B1B332-4AC2-4018-8D0A-F3F843061CAE}"
EndProject
Project("{2150E333-8FDC-42A3-9474-1A3956D46DE8}") = "API", "API", "{BA68799B-B0CF-4EE5-9AAA-03283A4FF1CC}"
EndProject
Project("{2150E333-8FDC-42A3-9474-1A3956D46DE8}") = "API", "API", "{16D869F5-290D-4AE2-8830-C9E0C1868501}"
EndProject
Project("{2150E333-8FDC-42A3-9474-1A3956D46DE8}") = "ApplicationCore", "ApplicationCore", "{169F4321-9F50-4A05-A524-34E55EB0EEC0}"
EndProject
Project("{2150E333-8FDC-42A3-9474-1A3956D46DE8}") = "API", "API", "{EA3A7260-588F-461A-9DF7-99473F4B92C8}"
EndProject
Project("{2150E333-8FDC-42A3-9474-1A3956D46DE8}") = "ApplicationCore", "ApplicationCore", "{6743EF47-C237-4374-86A9-1E31B075478C}"
EndProject
Project("{2150E333-8FDC-42A3-9474-1A3956D46DE8}") = "API", "API", "{8F291126-BBBA-4A16-AD11-180558B38FBD}"
EndProject
Project("{9A19103F-16F7-4668-BE54-9A1E7A4F7556}") = "YCompanyWebApplication", "YCompanyWebApplication\YCompanyWebApplication.csproj", "{BAAB6F38-57D6-42D6-8415-1E95093FC0F4}"
EndProject
Project("{9A19103F-16F7-4668-BE54-9A1E7A4F7556}") = "YCompanyThirdPartyAPI", "ThirdPartyAndSeed\YCompanyThirdPartyAPI\YCompanyThirdPartyAPI.csproj", "{276D807F-68ED-41A4-9936-204B6CFC261E}"
EndProject
Project("{9A19103F-16F7-4668-BE54-9A1E7A4F7556}") = "YCompanyPaymentsAPI", "Services\YCompanyPaymentsAPI\YCompanyPaymentsAPI\YCompanyPaymentsAPI.csproj", "{D2AE2F34-1C20-44D2-B826-9A47CE85DEB5}"
EndProject
Project("{9A19103F-16F7-4668-BE54-9A1E7A4F7556}") = "YCompany.Payments.Domain", "Services\YCompanyPaymentsAPI\YCompany.Payments.Domain\YCompany.Payments.Domain.csproj", "{6365671F-3A03-401A-A145-E01063861457}"
EndProject
Project("{9A19103F-16F7-4668-BE54-9A1E7A4F7556}") = "YCompany.Payments.Services", "Services\YCompanyPaymentsAPI\YCompany.Payments.Services\YCompany.Payments.Services.csproj", "{E1B5251B-34A7-4542-B9DA-84DAC4213EBB}"
EndProject
Project("{9A19103F-16F7-4668-BE54-9A1E7A4F7556}") = "YCompanyClaimsAPI", "Services\YCompanyClaimsAPI\YCompanyClaimsAPI\YCompanyClaimsAPI.csproj", "{570EC8B5-0E79-40C0-AF32-C81D515C9A0B}"
EndProject
Project("{9A19103F-16F7-4668-BE54-9A1E7A4F7556}") = "YCompany.Claims.Domain", "Services\YCompanyClaimsAPI\YCompany.Claims.Domain\YCompany.Claims.Domain.csproj", "{FC33AC5C-8613-4B26-9A12-F1663FC041BD}"
EndProject
Project("{9A19103F-16F7-4668-BE54-9A1E7A4F7556}") = "YCompany.Claims.Services", "Services\YCompanyClaimsAPI\YCompany.Claims.Services\YCompany.Claims.Services.csproj", "{3FE63817-0642-48A3-AB4A-066919D87EFD}"
EndProject
Project("{9A19103F-16F7-4668-BE54-9A1E7A4F7556}") = "YCompanyIdentityServer", "Services\YCompanyIdentityServer\YCompanyIdentityServer.csproj", "{6CC13922-8647-4735-BDDF-0D6F82351F22}"
EndProject
Project("{9A19103F-16F7-4668-BE54-9A1E7A4F7556}") = "YCompany.Caching", "Framework\YCompany.Claims.Caching\YCompany.Caching.csproj", "{598BBF5E-FD95-4355-A31D-1AD508377F5D}"
EndProject
Project("{9A19103F-16F7-4668-BE54-9A1E7A4F7556}") = "YCompany.ExceptionHandling", "Framework\YCompany.Claims.ExceptionHandling\YCompany.ExceptionHandling.csproj", "{8161631A-A873-4415-BF3A-738DE0A852AA}"
EndProject
Project("{9A19103F-16F7-4668-BE54-9A1E7A4F7556}") = "YCompany.Logging", "Framework\YCompany.Claims.Logging\YCompany.Logging.csproj", "{3AE122F6-DC91-45E2-A686-BE0D6D15D530}"
EndProject
Project("{9A19103F-16F7-4668-BE54-9A1E7A4F7556}") = "YCompany.MessagingQueue", "Framework\YCompany.Claims.MessagingQueue\YCompany.MessagingQueue.csproj", "{A825B495-08B3-41C0-A9F7-68EC5F1FA70E}"
EndProject
Project("{FAE04EC0-301F-11D3-BF4B-00C04F79EFBC}") = "YCompany.HealthChecks", "YClaims.HealthChecks\YCompany.HealthChecks.csproj", "{7A26DBF3-BCB4-4B1C-8340-D4BFBD757CC0}"
EndProject
Global
	GlobalSection(SolutionConfigurationPlatforms) = preSolution
		Debug|Any CPU = Debug|Any CPU
		Release|Any CPU = Release|Any CPU
	EndGlobalSection
	GlobalSection(ProjectConfigurationPlatforms) = postSolution
		{BAAB6F38-57D6-42D6-8415-1E95093FC0F4}.Debug|Any CPU.ActiveCfg = Debug|Any CPU
		{BAAB6F38-57D6-42D6-8415-1E95093FC0F4}.Debug|Any CPU.Build.0 = Debug|Any CPU
		{BAAB6F38-57D6-42D6-8415-1E95093FC0F4}.Release|Any CPU.ActiveCfg = Release|Any CPU
		{BAAB6F38-57D6-42D6-8415-1E95093FC0F4}.Release|Any CPU.Build.0 = Release|Any CPU
		{276D807F-68ED-41A4-9936-204B6CFC261E}.Debug|Any CPU.ActiveCfg = Debug|Any CPU
		{276D807F-68ED-41A4-9936-204B6CFC261E}.Debug|Any CPU.Build.0 = Debug|Any CPU
		{276D807F-68ED-41A4-9936-204B6CFC261E}.Release|Any CPU.ActiveCfg = Release|Any CPU
		{276D807F-68ED-41A4-9936-204B6CFC261E}.Release|Any CPU.Build.0 = Release|Any CPU
		{D2AE2F34-1C20-44D2-B826-9A47CE85DEB5}.Debug|Any CPU.ActiveCfg = Debug|Any CPU
		{D2AE2F34-1C20-44D2-B826-9A47CE85DEB5}.Debug|Any CPU.Build.0 = Debug|Any CPU
		{D2AE2F34-1C20-44D2-B826-9A47CE85DEB5}.Release|Any CPU.ActiveCfg = Release|Any CPU
		{D2AE2F34-1C20-44D2-B826-9A47CE85DEB5}.Release|Any CPU.Build.0 = Release|Any CPU
		{6365671F-3A03-401A-A145-E01063861457}.Debug|Any CPU.ActiveCfg = Debug|Any CPU
		{6365671F-3A03-401A-A145-E01063861457}.Debug|Any CPU.Build.0 = Debug|Any CPU
		{6365671F-3A03-401A-A145-E01063861457}.Release|Any CPU.ActiveCfg = Release|Any CPU
		{6365671F-3A03-401A-A145-E01063861457}.Release|Any CPU.Build.0 = Release|Any CPU
		{E1B5251B-34A7-4542-B9DA-84DAC4213EBB}.Debug|Any CPU.ActiveCfg = Debug|Any CPU
		{E1B5251B-34A7-4542-B9DA-84DAC4213EBB}.Debug|Any CPU.Build.0 = Debug|Any CPU
		{E1B5251B-34A7-4542-B9DA-84DAC4213EBB}.Release|Any CPU.ActiveCfg = Release|Any CPU
		{E1B5251B-34A7-4542-B9DA-84DAC4213EBB}.Release|Any CPU.Build.0 = Release|Any CPU
		{570EC8B5-0E79-40C0-AF32-C81D515C9A0B}.Debug|Any CPU.ActiveCfg = Debug|Any CPU
		{570EC8B5-0E79-40C0-AF32-C81D515C9A0B}.Debug|Any CPU.Build.0 = Debug|Any CPU
		{570EC8B5-0E79-40C0-AF32-C81D515C9A0B}.Release|Any CPU.ActiveCfg = Release|Any CPU
		{570EC8B5-0E79-40C0-AF32-C81D515C9A0B}.Release|Any CPU.Build.0 = Release|Any CPU
		{FC33AC5C-8613-4B26-9A12-F1663FC041BD}.Debug|Any CPU.ActiveCfg = Debug|Any CPU
		{FC33AC5C-8613-4B26-9A12-F1663FC041BD}.Debug|Any CPU.Build.0 = Debug|Any CPU
		{FC33AC5C-8613-4B26-9A12-F1663FC041BD}.Release|Any CPU.ActiveCfg = Release|Any CPU
		{FC33AC5C-8613-4B26-9A12-F1663FC041BD}.Release|Any CPU.Build.0 = Release|Any CPU
		{3FE63817-0642-48A3-AB4A-066919D87EFD}.Debug|Any CPU.ActiveCfg = Debug|Any CPU
		{3FE63817-0642-48A3-AB4A-066919D87EFD}.Debug|Any CPU.Build.0 = Debug|Any CPU
		{3FE63817-0642-48A3-AB4A-066919D87EFD}.Release|Any CPU.ActiveCfg = Release|Any CPU
		{3FE63817-0642-48A3-AB4A-066919D87EFD}.Release|Any CPU.Build.0 = Release|Any CPU
		{6CC13922-8647-4735-BDDF-0D6F82351F22}.Debug|Any CPU.ActiveCfg = Debug|Any CPU
		{6CC13922-8647-4735-BDDF-0D6F82351F22}.Debug|Any CPU.Build.0 = Debug|Any CPU
		{6CC13922-8647-4735-BDDF-0D6F82351F22}.Release|Any CPU.ActiveCfg = Release|Any CPU
		{6CC13922-8647-4735-BDDF-0D6F82351F22}.Release|Any CPU.Build.0 = Release|Any CPU
		{598BBF5E-FD95-4355-A31D-1AD508377F5D}.Debug|Any CPU.ActiveCfg = Debug|Any CPU
		{598BBF5E-FD95-4355-A31D-1AD508377F5D}.Debug|Any CPU.Build.0 = Debug|Any CPU
		{598BBF5E-FD95-4355-A31D-1AD508377F5D}.Release|Any CPU.ActiveCfg = Release|Any CPU
		{598BBF5E-FD95-4355-A31D-1AD508377F5D}.Release|Any CPU.Build.0 = Release|Any CPU
		{8161631A-A873-4415-BF3A-738DE0A852AA}.Debug|Any CPU.ActiveCfg = Debug|Any CPU
		{8161631A-A873-4415-BF3A-738DE0A852AA}.Debug|Any CPU.Build.0 = Debug|Any CPU
		{8161631A-A873-4415-BF3A-738DE0A852AA}.Release|Any CPU.ActiveCfg = Release|Any CPU
		{8161631A-A873-4415-BF3A-738DE0A852AA}.Release|Any CPU.Build.0 = Release|Any CPU
		{3AE122F6-DC91-45E2-A686-BE0D6D15D530}.Debug|Any CPU.ActiveCfg = Debug|Any CPU
		{3AE122F6-DC91-45E2-A686-BE0D6D15D530}.Debug|Any CPU.Build.0 = Debug|Any CPU
		{3AE122F6-DC91-45E2-A686-BE0D6D15D530}.Release|Any CPU.ActiveCfg = Release|Any CPU
		{3AE122F6-DC91-45E2-A686-BE0D6D15D530}.Release|Any CPU.Build.0 = Release|Any CPU
		{A825B495-08B3-41C0-A9F7-68EC5F1FA70E}.Debug|Any CPU.ActiveCfg = Debug|Any CPU
		{A825B495-08B3-41C0-A9F7-68EC5F1FA70E}.Debug|Any CPU.Build.0 = Debug|Any CPU
		{A825B495-08B3-41C0-A9F7-68EC5F1FA70E}.Release|Any CPU.ActiveCfg = Release|Any CPU
		{A825B495-08B3-41C0-A9F7-68EC5F1FA70E}.Release|Any CPU.Build.0 = Release|Any CPU
		{7A26DBF3-BCB4-4B1C-8340-D4BFBD757CC0}.Debug|Any CPU.ActiveCfg = Debug|Any CPU
		{7A26DBF3-BCB4-4B1C-8340-D4BFBD757CC0}.Debug|Any CPU.Build.0 = Debug|Any CPU
		{7A26DBF3-BCB4-4B1C-8340-D4BFBD757CC0}.Release|Any CPU.ActiveCfg = Release|Any CPU
		{7A26DBF3-BCB4-4B1C-8340-D4BFBD757CC0}.Release|Any CPU.Build.0 = Release|Any CPU
	EndGlobalSection
	GlobalSection(SolutionProperties) = preSolution
		HideSolutionNode = FALSE
	EndGlobalSection
	GlobalSection(NestedProjects) = preSolution
		{26AA978C-BE40-41D2-B798-16CDDEE895A4} = {9BCBFC0F-DF25-4FE9-AAF3-AF8A6D41007A}
		{69E7DBB3-92E4-4189-A6BD-065D3FA14B69} = {9BCBFC0F-DF25-4FE9-AAF3-AF8A6D41007A}
		{CAA242D8-DC3E-49AD-B77C-A31817D0C9AC} = {9BCBFC0F-DF25-4FE9-AAF3-AF8A6D41007A}
		{E3B1B332-4AC2-4018-8D0A-F3F843061CAE} = {9BCBFC0F-DF25-4FE9-AAF3-AF8A6D41007A}
		{BA68799B-B0CF-4EE5-9AAA-03283A4FF1CC} = {CAA242D8-DC3E-49AD-B77C-A31817D0C9AC}
		{16D869F5-290D-4AE2-8830-C9E0C1868501} = {26AA978C-BE40-41D2-B798-16CDDEE895A4}
		{169F4321-9F50-4A05-A524-34E55EB0EEC0} = {26AA978C-BE40-41D2-B798-16CDDEE895A4}
		{EA3A7260-588F-461A-9DF7-99473F4B92C8} = {69E7DBB3-92E4-4189-A6BD-065D3FA14B69}
		{6743EF47-C237-4374-86A9-1E31B075478C} = {69E7DBB3-92E4-4189-A6BD-065D3FA14B69}
		{8F291126-BBBA-4A16-AD11-180558B38FBD} = {E3B1B332-4AC2-4018-8D0A-F3F843061CAE}
		{BAAB6F38-57D6-42D6-8415-1E95093FC0F4} = {54BA8B84-C5DA-4841-AAFC-99A5E69441F4}
		{276D807F-68ED-41A4-9936-204B6CFC261E} = {8F291126-BBBA-4A16-AD11-180558B38FBD}
		{D2AE2F34-1C20-44D2-B826-9A47CE85DEB5} = {EA3A7260-588F-461A-9DF7-99473F4B92C8}
		{6365671F-3A03-401A-A145-E01063861457} = {6743EF47-C237-4374-86A9-1E31B075478C}
		{E1B5251B-34A7-4542-B9DA-84DAC4213EBB} = {6743EF47-C237-4374-86A9-1E31B075478C}
		{570EC8B5-0E79-40C0-AF32-C81D515C9A0B} = {16D869F5-290D-4AE2-8830-C9E0C1868501}
		{FC33AC5C-8613-4B26-9A12-F1663FC041BD} = {169F4321-9F50-4A05-A524-34E55EB0EEC0}
		{3FE63817-0642-48A3-AB4A-066919D87EFD} = {169F4321-9F50-4A05-A524-34E55EB0EEC0}
		{6CC13922-8647-4735-BDDF-0D6F82351F22} = {BA68799B-B0CF-4EE5-9AAA-03283A4FF1CC}
		{598BBF5E-FD95-4355-A31D-1AD508377F5D} = {347BC5A5-E6B2-4FB9-89CF-5C5060779E19}
		{8161631A-A873-4415-BF3A-738DE0A852AA} = {347BC5A5-E6B2-4FB9-89CF-5C5060779E19}
		{3AE122F6-DC91-45E2-A686-BE0D6D15D530} = {347BC5A5-E6B2-4FB9-89CF-5C5060779E19}
		{A825B495-08B3-41C0-A9F7-68EC5F1FA70E} = {347BC5A5-E6B2-4FB9-89CF-5C5060779E19}
		{7A26DBF3-BCB4-4B1C-8340-D4BFBD757CC0} = {347BC5A5-E6B2-4FB9-89CF-5C5060779E19}
	EndGlobalSection
	GlobalSection(ExtensibilityGlobals) = postSolution
		SolutionGuid = {A7F43644-7FC7-4EDB-9631-E5784A786800}
	EndGlobalSection
EndGlobal
